
Microsoft Visual Studio Solution File, Format Version 12.00
# Visual Studio Version 16
VisualStudioVersion = 16.0.29613.14
MinimumVisualStudioVersion = 10.0.40219.1
Project("{9A19103F-16F7-4668-BE54-9A1E7A4F7556}") = "JobManage.Service", "JobManage.Service\JobManage.Service.csproj", "{C40DA23C-E4EC-4FCD-85C6-02EB4AB2292F}"
EndProject
Project("{9A19103F-16F7-4668-BE54-9A1E7A4F7556}") = "JobManage.Core", "JobManage.Core\JobManage.Core.csproj", "{3EF1580C-6F1B-4CFA-A656-75650809C7E5}"
EndProject
Project("{9A19103F-16F7-4668-BE54-9A1E7A4F7556}") = "JobManage.Web", "JobManage.Web\JobManage.Web.csproj", "{24AF96C3-4482-4EC0-BBC3-62FF2D784256}"
EndProject
Global
	GlobalSection(SolutionConfigurationPlatforms) = preSolution
		Debug|Any CPU = Debug|Any CPU
		Release|Any CPU = Release|Any CPU
	EndGlobalSection
	GlobalSection(ProjectConfigurationPlatforms) = postSolution
		{C40DA23C-E4EC-4FCD-85C6-02EB4AB2292F}.Debug|Any CPU.ActiveCfg = Debug|Any CPU
		{C40DA23C-E4EC-4FCD-85C6-02EB4AB2292F}.Debug|Any CPU.Build.0 = Debug|Any CPU
		{C40DA23C-E4EC-4FCD-85C6-02EB4AB2292F}.Release|Any CPU.ActiveCfg = Release|Any CPU
		{C40DA23C-E4EC-4FCD-85C6-02EB4AB2292F}.Release|Any CPU.Build.0 = Release|Any CPU
		{3EF1580C-6F1B-4CFA-A656-75650809C7E5}.Debug|Any CPU.ActiveCfg = Debug|Any CPU
		{3EF1580C-6F1B-4CFA-A656-75650809C7E5}.Debug|Any CPU.Build.0 = Debug|Any CPU
		{3EF1580C-6F1B-4CFA-A656-75650809C7E5}.Release|Any CPU.ActiveCfg = Release|Any CPU
		{3EF1580C-6F1B-4CFA-A656-75650809C7E5}.Release|Any CPU.Build.0 = Release|Any CPU
		{24AF96C3-4482-4EC0-BBC3-62FF2D784256}.Debug|Any CPU.ActiveCfg = Debug|Any CPU
		{24AF96C3-4482-4EC0-BBC3-62FF2D784256}.Debug|Any CPU.Build.0 = Debug|Any CPU
		{24AF96C3-4482-4EC0-BBC3-62FF2D784256}.Release|Any CPU.ActiveCfg = Release|Any CPU
		{24AF96C3-4482-4EC0-BBC3-62FF2D784256}.Release|Any CPU.Build.0 = Release|Any CPU
	EndGlobalSection
	GlobalSection(SolutionProperties) = preSolution
		HideSolutionNode = FALSE
	EndGlobalSection
	GlobalSection(ExtensibilityGlobals) = postSolution
		SolutionGuid = {4C5FB447-C5E9-4546-9128-A3EACEA90603}
	EndGlobalSection
EndGlobal
